{
    "name": "foxcaves-backend",
    "version": "0.1.0",
    "lockfileVersion": 2,
    "requires": true,
    "packages": {
        "": {
            "name": "foxcaves-backend",
            "version": "0.1.0",
            "devDependencies": {
                "@prettier/plugin-lua": "github:foxCaves/prettier-plugin-lua",
                "prettier": "^2.8.7"
            }
        },
        "node_modules/@prettier/plugin-lua": {
            "version": "0.0.1",
            "resolved": "git+ssh://git@github.com/foxCaves/prettier-plugin-lua.git#b949cef7a0e0aff55be8d0b56083f69f394dedf9",
            "dev": true,
            "license": "MIT",
            "dependencies": {
                "luaparse": "0.2.1"
            },
            "engines": {
                "node": ">=10.13.0"
            },
            "peerDependencies": {
                "prettier": ">=2.0.0"
            }
        },
        "node_modules/luaparse": {
            "version": "0.2.1",
            "resolved": "https://registry.npmjs.org/luaparse/-/luaparse-0.2.1.tgz",
            "integrity": "sha512-VKBcryd5nJte4ZNR29NOk8F/UkMipjeb4yoxcSS51z6QAzg9DXUC2WsfLniS0J1eh3pr/ZL3e9ha6V8fhoLbBQ==",
            "dev": true,
            "bin": {
                "luaparse": "bin/luaparse"
            }
        },
        "node_modules/prettier": {
            "version": "2.8.7",
            "resolved": "https://registry.npmjs.org/prettier/-/prettier-2.8.7.tgz",
            "integrity": "sha512-yPngTo3aXUUmyuTjeTUT75txrf+aMh9FiD7q9ZE/i6r0bPb22g4FsE6Y338PQX1bmfy08i9QQCB7/rcUAVntfw==",
            "dev": true,
            "bin": {
                "prettier": "bin-prettier.js"
            },
            "engines": {
                "node": ">=10.13.0"
            },
            "funding": {
                "url": "https://github.com/prettier/prettier?sponsor=1"
            }
        }
    },
    "dependencies": {
        "@prettier/plugin-lua": {
            "version": "git+ssh://git@github.com/foxCaves/prettier-plugin-lua.git#b949cef7a0e0aff55be8d0b56083f69f394dedf9",
            "dev": true,
            "from": "@prettier/plugin-lua@github:foxCaves/prettier-plugin-lua",
            "requires": {
                "luaparse": "0.2.1"
            }
        },
        "luaparse": {
            "version": "0.2.1",
            "resolved": "https://registry.npmjs.org/luaparse/-/luaparse-0.2.1.tgz",
            "integrity": "sha512-VKBcryd5nJte4ZNR29NOk8F/UkMipjeb4yoxcSS51z6QAzg9DXUC2WsfLniS0J1eh3pr/ZL3e9ha6V8fhoLbBQ==",
            "dev": true
        },
        "prettier": {
            "version": "2.8.7",
            "resolved": "https://registry.npmjs.org/prettier/-/prettier-2.8.7.tgz",
            "integrity": "sha512-yPngTo3aXUUmyuTjeTUT75txrf+aMh9FiD7q9ZE/i6r0bPb22g4FsE6Y338PQX1bmfy08i9QQCB7/rcUAVntfw==",
            "dev": true
        }
    }
}
