{
    "name": "foxcaves-backend",
    "version": "0.1.0",
    "lockfileVersion": 2,
    "requires": true,
    "packages": {
        "": {
            "name": "foxcaves-backend",
            "version": "0.1.0",
            "devDependencies": {
                "@elsongabriel/lua-formatter": "^1.0.3",
                "@elsongabriel/prettier": "^1.0.1"
            }
        },
        "node_modules/@elsongabriel/lua-formatter": {
            "version": "1.0.3",
            "resolved": "https://registry.npmjs.org/@elsongabriel/lua-formatter/-/lua-formatter-1.0.3.tgz",
            "integrity": "sha512-HvU1SYhl0gcoaVDAC9Mt+8XPg0YTd2BcIeKMai2QxqlWbSAEFWvmHXuT46jntfdrMtCN/hfIJgFMIBkVftiKEg==",
            "dev": true,
            "dependencies": {
                "luaparse": "0.2.1"
            },
            "engines": {
                "node": ">=10.13.0"
            },
            "peerDependencies": {
                "prettier": ">=2.0.0"
            }
        },
        "node_modules/@elsongabriel/prettier": {
            "version": "1.0.1",
            "resolved": "https://registry.npmjs.org/@elsongabriel/prettier/-/prettier-1.0.1.tgz",
            "integrity": "sha512-mXQb/S1nZl7+M0rsJ5h/Q+w37wvJcSGJcz/MY9R1QBP8OWLFD357AlmSBCU+4KLWQKEZY9vOji7xwOZtMzYSdg==",
            "dev": true,
            "bin": {
                "prettier": "bin-prettier.js"
            },
            "engines": {
                "node": ">=10.13.0"
            }
        },
        "node_modules/luaparse": {
            "version": "0.2.1",
            "resolved": "https://registry.npmjs.org/luaparse/-/luaparse-0.2.1.tgz",
            "integrity": "sha512-VKBcryd5nJte4ZNR29NOk8F/UkMipjeb4yoxcSS51z6QAzg9DXUC2WsfLniS0J1eh3pr/ZL3e9ha6V8fhoLbBQ==",
            "dev": true,
            "bin": {
                "luaparse": "bin/luaparse"
            }
        },
        "node_modules/prettier": {
            "version": "2.8.7",
            "resolved": "https://registry.npmjs.org/prettier/-/prettier-2.8.7.tgz",
            "integrity": "sha512-yPngTo3aXUUmyuTjeTUT75txrf+aMh9FiD7q9ZE/i6r0bPb22g4FsE6Y338PQX1bmfy08i9QQCB7/rcUAVntfw==",
            "dev": true,
            "peer": true,
            "bin": {
                "prettier": "bin-prettier.js"
            },
            "engines": {
                "node": ">=10.13.0"
            },
            "funding": {
                "url": "https://github.com/prettier/prettier?sponsor=1"
            }
        }
    },
    "dependencies": {
        "@elsongabriel/lua-formatter": {
            "version": "1.0.3",
            "resolved": "https://registry.npmjs.org/@elsongabriel/lua-formatter/-/lua-formatter-1.0.3.tgz",
            "integrity": "sha512-HvU1SYhl0gcoaVDAC9Mt+8XPg0YTd2BcIeKMai2QxqlWbSAEFWvmHXuT46jntfdrMtCN/hfIJgFMIBkVftiKEg==",
            "dev": true,
            "requires": {
                "luaparse": "0.2.1"
            }
        },
        "@elsongabriel/prettier": {
            "version": "1.0.1",
            "resolved": "https://registry.npmjs.org/@elsongabriel/prettier/-/prettier-1.0.1.tgz",
            "integrity": "sha512-mXQb/S1nZl7+M0rsJ5h/Q+w37wvJcSGJcz/MY9R1QBP8OWLFD357AlmSBCU+4KLWQKEZY9vOji7xwOZtMzYSdg==",
            "dev": true
        },
        "luaparse": {
            "version": "0.2.1",
            "resolved": "https://registry.npmjs.org/luaparse/-/luaparse-0.2.1.tgz",
            "integrity": "sha512-VKBcryd5nJte4ZNR29NOk8F/UkMipjeb4yoxcSS51z6QAzg9DXUC2WsfLniS0J1eh3pr/ZL3e9ha6V8fhoLbBQ==",
            "dev": true
        },
        "prettier": {
            "version": "2.8.7",
            "resolved": "https://registry.npmjs.org/prettier/-/prettier-2.8.7.tgz",
            "integrity": "sha512-yPngTo3aXUUmyuTjeTUT75txrf+aMh9FiD7q9ZE/i6r0bPb22g4FsE6Y338PQX1bmfy08i9QQCB7/rcUAVntfw==",
            "dev": true,
            "peer": true
        }
    }
}
